
Microsoft Visual Studio Solution File, Format Version 12.00
# Visual Studio 16
Project("{FAE04EC0-301F-11D3-BF4B-00C04F79EFBC}") = "Assembly-CSharp", "Assembly-CSharp.csproj", "{463D559E-1BD4-55CC-C518-3435AFF1D16E}"
EndProject
Project("{FAE04EC0-301F-11D3-BF4B-00C04F79EFBC}") = "Assembly-CSharp-firstpass", "Assembly-CSharp-firstpass.csproj", "{8DEB2659-9507-0E9F-CDB0-14AF1348775F}"
EndProject
Global
	GlobalSection(SolutionConfigurationPlatforms) = preSolution
		Debug|Any CPU = Debug|Any CPU
		Release|Any CPU = Release|Any CPU
	EndGlobalSection
	GlobalSection(ProjectConfigurationPlatforms) = postSolution
		{463D559E-1BD4-55CC-C518-3435AFF1D16E}.Debug|Any CPU.ActiveCfg = Debug|Any CPU
		{463D559E-1BD4-55CC-C518-3435AFF1D16E}.Debug|Any CPU.Build.0 = Debug|Any CPU
		{463D559E-1BD4-55CC-C518-3435AFF1D16E}.Release|Any CPU.ActiveCfg = Release|Any CPU
		{463D559E-1BD4-55CC-C518-3435AFF1D16E}.Release|Any CPU.Build.0 = Release|Any CPU
		{8DEB2659-9507-0E9F-CDB0-14AF1348775F}.Debug|Any CPU.ActiveCfg = Debug|Any CPU
		{8DEB2659-9507-0E9F-CDB0-14AF1348775F}.Debug|Any CPU.Build.0 = Debug|Any CPU
		{8DEB2659-9507-0E9F-CDB0-14AF1348775F}.Release|Any CPU.ActiveCfg = Release|Any CPU
		{8DEB2659-9507-0E9F-CDB0-14AF1348775F}.Release|Any CPU.Build.0 = Release|Any CPU
	EndGlobalSection
	GlobalSection(SolutionProperties) = preSolution
		HideSolutionNode = FALSE
	EndGlobalSection
EndGlobal
