
Microsoft Visual Studio Solution File, Format Version 12.00
# Visual Studio 15
Project("{FAE04EC0-301F-11D3-BF4B-00C04F79EFBC}") = "MessagePack", "MessagePack.csproj", "{33998C32-119B-77FB-D242-805CB70F7151}"
EndProject
Project("{FAE04EC0-301F-11D3-BF4B-00C04F79EFBC}") = "Assembly-CSharp", "Assembly-CSharp.csproj", "{B380EA71-AE88-D90B-66C4-30ABB9EA3D34}"
EndProject
Global
	GlobalSection(SolutionConfigurationPlatforms) = preSolution
		Debug|Any CPU = Debug|Any CPU
		Release|Any CPU = Release|Any CPU
	EndGlobalSection
	GlobalSection(ProjectConfigurationPlatforms) = postSolution
		{33998C32-119B-77FB-D242-805CB70F7151}.Debug|Any CPU.ActiveCfg = Debug|Any CPU
		{33998C32-119B-77FB-D242-805CB70F7151}.Debug|Any CPU.Build.0 = Debug|Any CPU
		{33998C32-119B-77FB-D242-805CB70F7151}.Release|Any CPU.ActiveCfg = Release|Any CPU
		{33998C32-119B-77FB-D242-805CB70F7151}.Release|Any CPU.Build.0 = Release|Any CPU
		{B380EA71-AE88-D90B-66C4-30ABB9EA3D34}.Debug|Any CPU.ActiveCfg = Debug|Any CPU
		{B380EA71-AE88-D90B-66C4-30ABB9EA3D34}.Debug|Any CPU.Build.0 = Debug|Any CPU
		{B380EA71-AE88-D90B-66C4-30ABB9EA3D34}.Release|Any CPU.ActiveCfg = Release|Any CPU
		{B380EA71-AE88-D90B-66C4-30ABB9EA3D34}.Release|Any CPU.Build.0 = Release|Any CPU
	EndGlobalSection
	GlobalSection(SolutionProperties) = preSolution
		HideSolutionNode = FALSE
	EndGlobalSection
EndGlobal
